
Microsoft Visual Studio Solution File, Format Version 12.00
# Visual Studio Version 17
VisualStudioVersion = 17.14.36518.9 d17.14
MinimumVisualStudioVersion = 10.0.40219.1
Project("{FAE04EC0-301F-11D3-BF4B-00C04F79EFBC}") = "DesafioDesconto", "DesafioDesconto\DesafioDesconto.csproj", "{7A143E83-FF9E-4713-A5BE-367884E53F55}"
EndProject
Global
	GlobalSection(SolutionConfigurationPlatforms) = preSolution
		Debug|Any CPU = Debug|Any CPU
		Release|Any CPU = Release|Any CPU
	EndGlobalSection
	GlobalSection(ProjectConfigurationPlatforms) = postSolution
		{7A143E83-FF9E-4713-A5BE-367884E53F55}.Debug|Any CPU.ActiveCfg = Debug|Any CPU
		{7A143E83-FF9E-4713-A5BE-367884E53F55}.Debug|Any CPU.Build.0 = Debug|Any CPU
		{7A143E83-FF9E-4713-A5BE-367884E53F55}.Release|Any CPU.ActiveCfg = Release|Any CPU
		{7A143E83-FF9E-4713-A5BE-367884E53F55}.Release|Any CPU.Build.0 = Release|Any CPU
	EndGlobalSection
	GlobalSection(SolutionProperties) = preSolution
		HideSolutionNode = FALSE
	EndGlobalSection
	GlobalSection(ExtensibilityGlobals) = postSolution
		SolutionGuid = {10F60FD0-495D-4F72-9D38-2B98BD5CC492}
	EndGlobalSection
EndGlobal
