
Microsoft Visual Studio Solution File, Format Version 12.00
# Visual Studio Version 17
VisualStudioVersion = 17.14.36518.9 d17.14
MinimumVisualStudioVersion = 10.0.40219.1
Project("{FAE04EC0-301F-11D3-BF4B-00C04F79EFBC}") = "ExercicioMesDoAno", "ExercicioMesDoAno\ExercicioMesDoAno.csproj", "{B76A91EB-EC89-4867-A7BB-569C2F3FA9DA}"
EndProject
Global
	GlobalSection(SolutionConfigurationPlatforms) = preSolution
		Debug|Any CPU = Debug|Any CPU
		Release|Any CPU = Release|Any CPU
	EndGlobalSection
	GlobalSection(ProjectConfigurationPlatforms) = postSolution
		{B76A91EB-EC89-4867-A7BB-569C2F3FA9DA}.Debug|Any CPU.ActiveCfg = Debug|Any CPU
		{B76A91EB-EC89-4867-A7BB-569C2F3FA9DA}.Debug|Any CPU.Build.0 = Debug|Any CPU
		{B76A91EB-EC89-4867-A7BB-569C2F3FA9DA}.Release|Any CPU.ActiveCfg = Release|Any CPU
		{B76A91EB-EC89-4867-A7BB-569C2F3FA9DA}.Release|Any CPU.Build.0 = Release|Any CPU
	EndGlobalSection
	GlobalSection(SolutionProperties) = preSolution
		HideSolutionNode = FALSE
	EndGlobalSection
	GlobalSection(ExtensibilityGlobals) = postSolution
		SolutionGuid = {118A9446-C007-449E-B7EB-89704BF8065B}
	EndGlobalSection
EndGlobal
