
Microsoft Visual Studio Solution File, Format Version 12.00
# Visual Studio Version 17
VisualStudioVersion = 17.14.36518.9 d17.14
MinimumVisualStudioVersion = 10.0.40219.1
Project("{FAE04EC0-301F-11D3-BF4B-00C04F79EFBC}") = "ExercicioOperacaoMatematicaSwitch", "ExercicioOperacaoMatematicaSwitch\ExercicioOperacaoMatematicaSwitch.csproj", "{82EA1440-0A25-4FC6-818E-0D5DFF7FB467}"
EndProject
Global
	GlobalSection(SolutionConfigurationPlatforms) = preSolution
		Debug|Any CPU = Debug|Any CPU
		Release|Any CPU = Release|Any CPU
	EndGlobalSection
	GlobalSection(ProjectConfigurationPlatforms) = postSolution
		{82EA1440-0A25-4FC6-818E-0D5DFF7FB467}.Debug|Any CPU.ActiveCfg = Debug|Any CPU
		{82EA1440-0A25-4FC6-818E-0D5DFF7FB467}.Debug|Any CPU.Build.0 = Debug|Any CPU
		{82EA1440-0A25-4FC6-818E-0D5DFF7FB467}.Release|Any CPU.ActiveCfg = Release|Any CPU
		{82EA1440-0A25-4FC6-818E-0D5DFF7FB467}.Release|Any CPU.Build.0 = Release|Any CPU
	EndGlobalSection
	GlobalSection(SolutionProperties) = preSolution
		HideSolutionNode = FALSE
	EndGlobalSection
	GlobalSection(ExtensibilityGlobals) = postSolution
		SolutionGuid = {7A805595-B50F-4E89-9DC5-BCF358026643}
	EndGlobalSection
EndGlobal
