
Microsoft Visual Studio Solution File, Format Version 12.00
# Visual Studio Version 17
VisualStudioVersion = 17.14.36518.9 d17.14
MinimumVisualStudioVersion = 10.0.40219.1
Project("{FAE04EC0-301F-11D3-BF4B-00C04F79EFBC}") = "DesafioAnoBissexto", "DesafioAnoBissexto\DesafioAnoBissexto.csproj", "{C5C50EB7-AD2D-46E6-BCE4-4257FF2958DB}"
EndProject
Global
	GlobalSection(SolutionConfigurationPlatforms) = preSolution
		Debug|Any CPU = Debug|Any CPU
		Release|Any CPU = Release|Any CPU
	EndGlobalSection
	GlobalSection(ProjectConfigurationPlatforms) = postSolution
		{C5C50EB7-AD2D-46E6-BCE4-4257FF2958DB}.Debug|Any CPU.ActiveCfg = Debug|Any CPU
		{C5C50EB7-AD2D-46E6-BCE4-4257FF2958DB}.Debug|Any CPU.Build.0 = Debug|Any CPU
		{C5C50EB7-AD2D-46E6-BCE4-4257FF2958DB}.Release|Any CPU.ActiveCfg = Release|Any CPU
		{C5C50EB7-AD2D-46E6-BCE4-4257FF2958DB}.Release|Any CPU.Build.0 = Release|Any CPU
	EndGlobalSection
	GlobalSection(SolutionProperties) = preSolution
		HideSolutionNode = FALSE
	EndGlobalSection
	GlobalSection(ExtensibilityGlobals) = postSolution
		SolutionGuid = {A53828F6-C473-4314-82AE-684DFC196472}
	EndGlobalSection
EndGlobal
