
Microsoft Visual Studio Solution File, Format Version 12.00
# Visual Studio Version 17
VisualStudioVersion = 17.14.36518.9 d17.14
MinimumVisualStudioVersion = 10.0.40219.1
Project("{FAE04EC0-301F-11D3-BF4B-00C04F79EFBC}") = "ExercicioTabuadaFor", "ExercicioTabuadaFor\ExercicioTabuadaFor.csproj", "{AD088C25-97DD-42B7-83DD-F4FC2FF1B316}"
EndProject
Global
	GlobalSection(SolutionConfigurationPlatforms) = preSolution
		Debug|Any CPU = Debug|Any CPU
		Release|Any CPU = Release|Any CPU
	EndGlobalSection
	GlobalSection(ProjectConfigurationPlatforms) = postSolution
		{AD088C25-97DD-42B7-83DD-F4FC2FF1B316}.Debug|Any CPU.ActiveCfg = Debug|Any CPU
		{AD088C25-97DD-42B7-83DD-F4FC2FF1B316}.Debug|Any CPU.Build.0 = Debug|Any CPU
		{AD088C25-97DD-42B7-83DD-F4FC2FF1B316}.Release|Any CPU.ActiveCfg = Release|Any CPU
		{AD088C25-97DD-42B7-83DD-F4FC2FF1B316}.Release|Any CPU.Build.0 = Release|Any CPU
	EndGlobalSection
	GlobalSection(SolutionProperties) = preSolution
		HideSolutionNode = FALSE
	EndGlobalSection
	GlobalSection(ExtensibilityGlobals) = postSolution
		SolutionGuid = {3AEBF4D8-A297-4F8F-B9AA-A234A0026113}
	EndGlobalSection
EndGlobal
