
Microsoft Visual Studio Solution File, Format Version 12.00
# Visual Studio Version 17
VisualStudioVersion = 17.14.36518.9 d17.14
MinimumVisualStudioVersion = 10.0.40219.1
Project("{FAE04EC0-301F-11D3-BF4B-00C04F79EFBC}") = "DesafioCaixaEletronico", "DesafioCaixaEletronico\DesafioCaixaEletronico.csproj", "{D042EF25-A004-4959-8600-EA372FB1AECA}"
EndProject
Global
	GlobalSection(SolutionConfigurationPlatforms) = preSolution
		Debug|Any CPU = Debug|Any CPU
		Release|Any CPU = Release|Any CPU
	EndGlobalSection
	GlobalSection(ProjectConfigurationPlatforms) = postSolution
		{D042EF25-A004-4959-8600-EA372FB1AECA}.Debug|Any CPU.ActiveCfg = Debug|Any CPU
		{D042EF25-A004-4959-8600-EA372FB1AECA}.Debug|Any CPU.Build.0 = Debug|Any CPU
		{D042EF25-A004-4959-8600-EA372FB1AECA}.Release|Any CPU.ActiveCfg = Release|Any CPU
		{D042EF25-A004-4959-8600-EA372FB1AECA}.Release|Any CPU.Build.0 = Release|Any CPU
	EndGlobalSection
	GlobalSection(SolutionProperties) = preSolution
		HideSolutionNode = FALSE
	EndGlobalSection
	GlobalSection(ExtensibilityGlobals) = postSolution
		SolutionGuid = {7A18338E-E075-486D-A902-E46746B8D3E6}
	EndGlobalSection
EndGlobal
