
Microsoft Visual Studio Solution File, Format Version 12.00
# Visual Studio Version 17
VisualStudioVersion = 17.14.36518.9 d17.14
MinimumVisualStudioVersion = 10.0.40219.1
Project("{FAE04EC0-301F-11D3-BF4B-00C04F79EFBC}") = "ExercicioNumerosParesFor", "ExercicioNumerosParesFor\ExercicioNumerosParesFor.csproj", "{55F16E23-1C85-416A-9696-2636C77E8F2B}"
EndProject
Global
	GlobalSection(SolutionConfigurationPlatforms) = preSolution
		Debug|Any CPU = Debug|Any CPU
		Release|Any CPU = Release|Any CPU
	EndGlobalSection
	GlobalSection(ProjectConfigurationPlatforms) = postSolution
		{55F16E23-1C85-416A-9696-2636C77E8F2B}.Debug|Any CPU.ActiveCfg = Debug|Any CPU
		{55F16E23-1C85-416A-9696-2636C77E8F2B}.Debug|Any CPU.Build.0 = Debug|Any CPU
		{55F16E23-1C85-416A-9696-2636C77E8F2B}.Release|Any CPU.ActiveCfg = Release|Any CPU
		{55F16E23-1C85-416A-9696-2636C77E8F2B}.Release|Any CPU.Build.0 = Release|Any CPU
	EndGlobalSection
	GlobalSection(SolutionProperties) = preSolution
		HideSolutionNode = FALSE
	EndGlobalSection
	GlobalSection(ExtensibilityGlobals) = postSolution
		SolutionGuid = {EA33844A-6A80-4394-ABBE-2CAF578D24F3}
	EndGlobalSection
EndGlobal
