
Microsoft Visual Studio Solution File, Format Version 12.00
# Visual Studio Version 17
VisualStudioVersion = 17.14.36518.9 d17.14
MinimumVisualStudioVersion = 10.0.40219.1
Project("{FAE04EC0-301F-11D3-BF4B-00C04F79EFBC}") = "ExercicioAprovacao", "ExercicioAprovacao\ExercicioAprovacao.csproj", "{CC0D884B-C966-4BDA-88D9-FD313AB82C02}"
EndProject
Global
	GlobalSection(SolutionConfigurationPlatforms) = preSolution
		Debug|Any CPU = Debug|Any CPU
		Release|Any CPU = Release|Any CPU
	EndGlobalSection
	GlobalSection(ProjectConfigurationPlatforms) = postSolution
		{CC0D884B-C966-4BDA-88D9-FD313AB82C02}.Debug|Any CPU.ActiveCfg = Debug|Any CPU
		{CC0D884B-C966-4BDA-88D9-FD313AB82C02}.Debug|Any CPU.Build.0 = Debug|Any CPU
		{CC0D884B-C966-4BDA-88D9-FD313AB82C02}.Release|Any CPU.ActiveCfg = Release|Any CPU
		{CC0D884B-C966-4BDA-88D9-FD313AB82C02}.Release|Any CPU.Build.0 = Release|Any CPU
	EndGlobalSection
	GlobalSection(SolutionProperties) = preSolution
		HideSolutionNode = FALSE
	EndGlobalSection
	GlobalSection(ExtensibilityGlobals) = postSolution
		SolutionGuid = {9BD2FF97-475F-424A-B0AA-2D1AF79DC4F5}
	EndGlobalSection
EndGlobal
