
Microsoft Visual Studio Solution File, Format Version 12.00
# Visual Studio Version 17
VisualStudioVersion = 17.14.36518.9 d17.14
MinimumVisualStudioVersion = 10.0.40219.1
Project("{FAE04EC0-301F-11D3-BF4B-00C04F79EFBC}") = "ExercicioLoginSimples", "ExercicioLoginSimples\ExercicioLoginSimples.csproj", "{2B858A38-6CF2-4266-B152-E97CE551A155}"
EndProject
Global
	GlobalSection(SolutionConfigurationPlatforms) = preSolution
		Debug|Any CPU = Debug|Any CPU
		Release|Any CPU = Release|Any CPU
	EndGlobalSection
	GlobalSection(ProjectConfigurationPlatforms) = postSolution
		{2B858A38-6CF2-4266-B152-E97CE551A155}.Debug|Any CPU.ActiveCfg = Debug|Any CPU
		{2B858A38-6CF2-4266-B152-E97CE551A155}.Debug|Any CPU.Build.0 = Debug|Any CPU
		{2B858A38-6CF2-4266-B152-E97CE551A155}.Release|Any CPU.ActiveCfg = Release|Any CPU
		{2B858A38-6CF2-4266-B152-E97CE551A155}.Release|Any CPU.Build.0 = Release|Any CPU
	EndGlobalSection
	GlobalSection(SolutionProperties) = preSolution
		HideSolutionNode = FALSE
	EndGlobalSection
	GlobalSection(ExtensibilityGlobals) = postSolution
		SolutionGuid = {709BC8D4-6EB3-4E15-A961-921C8FF41329}
	EndGlobalSection
EndGlobal
